lockfileVersion: '6.0'

settings:
  autoInstallPeers: true
  excludeLinksFromLockfile: false

dependencies:
  '@hono/node-server':
    specifier: ^1.2.0
    version: 1.2.0
  '@hono/zod-validator':
    specifier: ^0.1.9
    version: 0.1.9(hono@3.7.5)(zod@3.22.4)
  '@prisma/client':
    specifier: ^5.4.1
    version: 5.4.1(prisma@5.4.1)
  hono:
    specifier: ^3.7.5
    version: 3.7.5
  http-terminator:
    specifier: ^3.2.0
    version: 3.2.0
  zod:
    specifier: ^3.22.4
    version: 3.22.4

devDependencies:
  '@swc-node/register':
    specifier: ^1.6.8
    version: 1.6.8(@swc/core@1.3.92)(typescript@5.2.2)
  '@types/node':
    specifier: ^20.8.3
    version: 20.8.3
  prisma:
    specifier: ^5.4.1
    version: 5.4.1
  tiny-glob:
    specifier: ^0.2.9
    version: 0.2.9
  type-fest:
    specifier: ^4.4.0
    version: 4.4.0
  typescript:
    specifier: ^5.2.2
    version: 5.2.2
  zod-prisma-types:
    specifier: ^2.7.9
    version: 2.7.9

packages:

  /@fastify/deepmerge@1.3.0:
    resolution: {integrity: sha512-J8TOSBq3SoZbDhM9+R/u77hP93gz/rajSA+K2kGyijPpORPWUXHUpTaleoj+92As0S9uPRP7Oi8IqMf0u+ro6A==}
    dev: false

  /@hono/node-server@1.2.0:
    resolution: {integrity: sha512-aHT8lDMLpd7ioXJ1/057+h+oE/k7rCOWmjklYDsE0jE4CoNB9XzG4f8dRHvw4s5HJFocaYDiGgYM/V0kYbQ0ww==}
    engines: {node: '>=18.0.0'}
    dev: false

  /@hono/zod-validator@0.1.9(hono@3.7.5)(zod@3.22.4):
    resolution: {integrity: sha512-qEG5xagKzyif283ldCKzp+aF9Aebclg0sfrgyRQQNAizmXpicZ3UGduST/Jp+a9bjt3mI+VyEXMftb4rogLxQA==}
    peerDependencies:
      hono: 3.*
      zod: ^3.19.1
    dependencies:
      hono: 3.7.5
      zod: 3.22.4
    dev: false

  /@prisma/client@5.4.1(prisma@5.4.1):
    resolution: {integrity: sha512-xyD0DJ3gRNfLbPsC+YfMBBuLJtZKQfy1OD2qU/PZg+HKrr7SO+09174LMeTlWP0YF2wca9LxtVd4HnAiB5ketQ==}
    engines: {node: '>=16.13'}
    requiresBuild: true
    peerDependencies:
      prisma: '*'
    peerDependenciesMeta:
      prisma:
        optional: true
    dependencies:
      '@prisma/engines-version': 5.4.1-1.2f302df92bd8945e20ad4595a73def5b96afa54f
      prisma: 5.4.1
    dev: false

  /@prisma/debug@5.4.1:
    resolution: {integrity: sha512-JJkDz43hVj5D/deu6QOlmtTnrTM3OaMQ7RqZVDo+7bpEy/s4W2JkAbOVsHZCCjs0SMMMPOfLlrpG5dREdoqAeQ==}
    dependencies:
      '@types/debug': 4.1.9
      debug: 4.3.4
      strip-ansi: 6.0.1
    transitivePeerDependencies:
      - supports-color
    dev: true

  /@prisma/engines-version@5.4.1-1.2f302df92bd8945e20ad4595a73def5b96afa54f:
    resolution: {integrity: sha512-+nUQM/y8C+1GG5Ioeqcu6itFslCfxvQSAUVSMC9XM2G2Fcq0F4Afnp6m0pXF6X6iUBWen7jZBPmM9Qlq4Nr3/A==}
    dev: false

  /@prisma/engines@5.4.1:
    resolution: {integrity: sha512-vJTdY4la/5V3N7SFvWRmSMUh4mIQnyb/MNoDjzVbh9iLmEC+uEykj/1GPviVsorvfz7DbYSQC4RiwmlEpTEvGA==}
    requiresBuild: true

  /@prisma/generator-helper@5.4.1:
    resolution: {integrity: sha512-3zYQoBOU0BLPT02xPSRwQRcyjnSzNOPPWSKQINkOr5hid680ajaksV2eBbcmrNu2vltLpKpMgdTnlreUjkZ5tQ==}
    dependencies:
      '@prisma/debug': 5.4.1
      '@types/cross-spawn': 6.0.3
      cross-spawn: 7.0.3
      kleur: 4.1.5
    transitivePeerDependencies:
      - supports-color
    dev: true

  /@swc-node/core@1.10.6(@swc/core@1.3.92):
    resolution: {integrity: sha512-lDIi/rPosmKIknWzvs2/Fi9zWRtbkx8OJ9pQaevhsoGzJSal8Pd315k1W5AIrnknfdAB4HqRN12fk6AhqnrEEw==}
    engines: {node: '>= 10'}
    peerDependencies:
      '@swc/core': '>= 1.3'
    dependencies:
      '@swc/core': 1.3.92
    dev: true

  /@swc-node/register@1.6.8(@swc/core@1.3.92)(typescript@5.2.2):
    resolution: {integrity: sha512-74ijy7J9CWr1Z88yO+ykXphV29giCrSpANQPQRooE0bObpkTO1g4RzQovIfbIaniBiGDDVsYwDoQ3FIrCE8HcQ==}
    peerDependencies:
      '@swc/core': '>= 1.3'
      typescript: '>= 4.3'
    dependencies:
      '@swc-node/core': 1.10.6(@swc/core@1.3.92)
      '@swc-node/sourcemap-support': 0.3.0
      '@swc/core': 1.3.92
      colorette: 2.0.20
      debug: 4.3.4
      pirates: 4.0.6
      tslib: 2.6.2
      typescript: 5.2.2
    transitivePeerDependencies:
      - supports-color
    dev: true

  /@swc-node/sourcemap-support@0.3.0:
    resolution: {integrity: sha512-gqBJSmJMWomZFxlppaKea7NeAqFrDrrS0RMt24No92M3nJWcyI9YKGEQKl+EyJqZ5gh6w1s0cTklMHMzRwA1NA==}
    dependencies:
      source-map-support: 0.5.21
      tslib: 2.6.2
    dev: true

  /@swc/core-darwin-arm64@1.3.92:
    resolution: {integrity: sha512-v7PqZUBtIF6Q5Cp48gqUiG8zQQnEICpnfNdoiY3xjQAglCGIQCjJIDjreZBoeZQZspB27lQN4eZ43CX18+2SnA==}
    engines: {node: '>=10'}
    cpu: [arm64]
    os: [darwin]
    requiresBuild: true
    dev: true
    optional: true

  /@swc/core-darwin-x64@1.3.92:
    resolution: {integrity: sha512-Q3XIgQfXyxxxms3bPN+xGgvwk0TtG9l89IomApu+yTKzaIIlf051mS+lGngjnh9L0aUiCp6ICyjDLtutWP54fw==}
    engines: {node: '>=10'}
    cpu: [x64]
    os: [darwin]
    requiresBuild: true
    dev: true
    optional: true

  /@swc/core-linux-arm-gnueabihf@1.3.92:
    resolution: {integrity: sha512-tnOCoCpNVXC+0FCfG84PBZJyLlz0Vfj9MQhyhCvlJz9hQmvpf8nTdKH7RHrOn8VfxtUBLdVi80dXgIFgbvl7qA==}
    engines: {node: '>=10'}
    cpu: [arm]
    os: [linux]
    requiresBuild: true
    dev: true
    optional: true

  /@swc/core-linux-arm64-gnu@1.3.92:
    resolution: {integrity: sha512-lFfGhX32w8h1j74Iyz0Wv7JByXIwX11OE9UxG+oT7lG0RyXkF4zKyxP8EoxfLrDXse4Oop434p95e3UNC3IfCw==}
    engines: {node: '>=10'}
    cpu: [arm64]
    os: [linux]
    requiresBuild: true
    dev: true
    optional: true

  /@swc/core-linux-arm64-musl@1.3.92:
    resolution: {integrity: sha512-rOZtRcLj57MSAbiecMsqjzBcZDuaCZ8F6l6JDwGkQ7u1NYR57cqF0QDyU7RKS1Jq27Z/Vg21z5cwqoH5fLN+Sg==}
    engines: {node: '>=10'}
    cpu: [arm64]
    os: [linux]
    requiresBuild: true
    dev: true
    optional: true

  /@swc/core-linux-x64-gnu@1.3.92:
    resolution: {integrity: sha512-qptoMGnBL6v89x/Qpn+l1TH1Y0ed+v0qhNfAEVzZvCvzEMTFXphhlhYbDdpxbzRmCjH6GOGq7Y+xrWt9T1/ARg==}
    engines: {node: '>=10'}
    cpu: [x64]
    os: [linux]
    requiresBuild: true
    dev: true
    optional: true

  /@swc/core-linux-x64-musl@1.3.92:
    resolution: {integrity: sha512-g2KrJ43bZkCZHH4zsIV5ErojuV1OIpUHaEyW1gf7JWKaFBpWYVyubzFPvPkjcxHGLbMsEzO7w/NVfxtGMlFH/Q==}
    engines: {node: '>=10'}
    cpu: [x64]
    os: [linux]
    requiresBuild: true
    dev: true
    optional: true

  /@swc/core-win32-arm64-msvc@1.3.92:
    resolution: {integrity: sha512-3MCRGPAYDoQ8Yyd3WsCMc8eFSyKXY5kQLyg/R5zEqA0uthomo0m0F5/fxAJMZGaSdYkU1DgF73ctOWOf+Z/EzQ==}
    engines: {node: '>=10'}
    cpu: [arm64]
    os: [win32]
    requiresBuild: true
    dev: true
    optional: true

  /@swc/core-win32-ia32-msvc@1.3.92:
    resolution: {integrity: sha512-zqTBKQhgfWm73SVGS8FKhFYDovyRl1f5dTX1IwSKynO0qHkRCqJwauFJv/yevkpJWsI2pFh03xsRs9HncTQKSA==}
    engines: {node: '>=10'}
    cpu: [ia32]
    os: [win32]
    requiresBuild: true
    dev: true
    optional: true

  /@swc/core-win32-x64-msvc@1.3.92:
    resolution: {integrity: sha512-41bE66ddr9o/Fi1FBh0sHdaKdENPTuDpv1IFHxSg0dJyM/jX8LbkjnpdInYXHBxhcLVAPraVRrNsC4SaoPw2Pg==}
    engines: {node: '>=10'}
    cpu: [x64]
    os: [win32]
    requiresBuild: true
    dev: true
    optional: true

  /@swc/core@1.3.92:
    resolution: {integrity: sha512-vx0vUrf4YTEw59njOJ46Ha5i0cZTMYdRHQ7KXU29efN1MxcmJH2RajWLPlvQarOP1ab9iv9cApD7SMchDyx2vA==}
    engines: {node: '>=10'}
    requiresBuild: true
    peerDependencies:
      '@swc/helpers': ^0.5.0
    peerDependenciesMeta:
      '@swc/helpers':
        optional: true
    dependencies:
      '@swc/counter': 0.1.2
      '@swc/types': 0.1.5
    optionalDependencies:
      '@swc/core-darwin-arm64': 1.3.92
      '@swc/core-darwin-x64': 1.3.92
      '@swc/core-linux-arm-gnueabihf': 1.3.92
      '@swc/core-linux-arm64-gnu': 1.3.92
      '@swc/core-linux-arm64-musl': 1.3.92
      '@swc/core-linux-x64-gnu': 1.3.92
      '@swc/core-linux-x64-musl': 1.3.92
      '@swc/core-win32-arm64-msvc': 1.3.92
      '@swc/core-win32-ia32-msvc': 1.3.92
      '@swc/core-win32-x64-msvc': 1.3.92
    dev: true

  /@swc/counter@0.1.2:
    resolution: {integrity: sha512-9F4ys4C74eSTEUNndnER3VJ15oru2NumfQxS8geE+f3eB5xvfxpWyqE5XlVnxb/R14uoXi6SLbBwwiDSkv+XEw==}
    dev: true

  /@swc/types@0.1.5:
    resolution: {integrity: sha512-myfUej5naTBWnqOCc/MdVOLVjXUXtIA+NpDrDBKJtLLg2shUjBu3cZmB/85RyitKc55+lUUyl7oRfLOvkr2hsw==}
    dev: true

  /@types/cross-spawn@6.0.3:
    resolution: {integrity: sha512-BDAkU7WHHRHnvBf5z89lcvACsvkz/n7Tv+HyD/uW76O29HoH1Tk/W6iQrepaZVbisvlEek4ygwT8IW7ow9XLAA==}
    dependencies:
      '@types/node': 20.8.3
    dev: true

  /@types/debug@4.1.9:
    resolution: {integrity: sha512-8Hz50m2eoS56ldRlepxSBa6PWEVCtzUo/92HgLc2qTMnotJNIm7xP+UZhyWoYsyOdd5dxZ+NZLb24rsKyFs2ow==}
    dependencies:
      '@types/ms': 0.7.32
    dev: true

  /@types/ms@0.7.32:
    resolution: {integrity: sha512-xPSg0jm4mqgEkNhowKgZFBNtwoEwF6gJ4Dhww+GFpm3IgtNseHQZ5IqdNwnquZEoANxyDAKDRAdVo4Z72VvD/g==}
    dev: true

  /@types/node@20.8.3:
    resolution: {integrity: sha512-jxiZQFpb+NlH5kjW49vXxvxTjeeqlbsnTAdBTKpzEdPs9itay7MscYXz3Fo9VYFEsfQ6LJFitHad3faerLAjCw==}
    dev: true

  /ajv-formats@2.1.1(ajv@8.12.0):
    resolution: {integrity: sha512-Wx0Kx52hxE7C18hkMEggYlEifqWZtYaRgouJor+WMdPnQyEK13vgEWyVNup7SoeeoLMsr4kf5h6dOW11I15MUA==}
    peerDependencies:
      ajv: ^8.0.0
    peerDependenciesMeta:
      ajv:
        optional: true
    dependencies:
      ajv: 8.12.0
    dev: false

  /ajv@8.12.0:
    resolution: {integrity: sha512-sRu1kpcO9yLtYxBKvqfTeh9KzZEwO3STyX1HT+4CaDzC6HpTGYhIhPIzj9XuKU7KYDwnaeh5hcOwjy1QuJzBPA==}
    dependencies:
      fast-deep-equal: 3.1.3
      json-schema-traverse: 1.0.0
      require-from-string: 2.0.2
      uri-js: 4.4.1
    dev: false

  /ansi-regex@5.0.1:
    resolution: {integrity: sha512-quJQXlTSUGL2LH9SUXo8VwsY4soanhgo6LNSm84E1LBcE8s3O0wpdiRzyR9z/ZZJMlMWv37qOOb9pdJlMUEKFQ==}
    engines: {node: '>=8'}
    dev: true

  /boolean@3.2.0:
    resolution: {integrity: sha512-d0II/GO9uf9lfUHH2BQsjxzRJZBdsjgsBiW4BvhWk/3qoKwQFjIDVN19PfX8F2D/r9PCMTtLWjYVCFrpeYUzsw==}
    dev: false

  /buffer-from@1.1.2:
    resolution: {integrity: sha512-E+XQCRwSbaaiChtv6k6Dwgc+bx+Bs6vuKJHHl5kox/BaKbhiXzqQOwK4cO22yElGp2OCmjwVhT3HmxgyPGnJfQ==}
    dev: true

  /code-block-writer@12.0.0:
    resolution: {integrity: sha512-q4dMFMlXtKR3XNBHyMHt/3pwYNA69EDk00lloMOaaUMKPUXBw6lpXtbu3MMVG6/uOihGnRDOlkyqsONEUj60+w==}
    dev: true

  /colorette@2.0.20:
    resolution: {integrity: sha512-IfEDxwoWIjkeXL1eXcDiow4UbKjhLdq6/EuSVR9GMN7KVH3r9gQ83e73hsz1Nd1T3ijd5xv1wcWRYO+D6kCI2w==}
    dev: true

  /cross-spawn@7.0.3:
    resolution: {integrity: sha512-iRDPJKUPVEND7dHPO8rkbOnPpyDygcDFtWjpeWNCgy8WP2rXcxXL8TskReQl6OrB2G7+UJrags1q15Fudc7G6w==}
    engines: {node: '>= 8'}
    dependencies:
      path-key: 3.1.1
      shebang-command: 2.0.0
      which: 2.0.2
    dev: true

  /debug@4.3.4:
    resolution: {integrity: sha512-PRWFHuSU3eDtQJPvnNY7Jcket1j0t5OuOsFzPPzsekD52Zl8qUfFIPEiswXqIvHWGVHOgX+7G/vCNNhehwxfkQ==}
    engines: {node: '>=6.0'}
    peerDependencies:
      supports-color: '*'
    peerDependenciesMeta:
      supports-color:
        optional: true
    dependencies:
      ms: 2.1.2
    dev: true

  /define-data-property@1.1.0:
    resolution: {integrity: sha512-UzGwzcjyv3OtAvolTj1GoyNYzfFR+iqbGjcnBEENZVCpM4/Ng1yhGNvS3lR/xDS74Tb2wGG9WzNSNIOS9UVb2g==}
    engines: {node: '>= 0.4'}
    dependencies:
      get-intrinsic: 1.2.1
      gopd: 1.0.1
      has-property-descriptors: 1.0.0
    dev: false

  /define-properties@1.2.1:
    resolution: {integrity: sha512-8QmQKqEASLd5nx0U1B1okLElbUuuttJ/AnYmRXbbbGDWh6uS208EjD4Xqq/I9wK7u0v6O08XhTWnt5XtEbR6Dg==}
    engines: {node: '>= 0.4'}
    dependencies:
      define-data-property: 1.1.0
      has-property-descriptors: 1.0.0
      object-keys: 1.1.1
    dev: false

  /delay@5.0.0:
    resolution: {integrity: sha512-ReEBKkIfe4ya47wlPYf/gu5ib6yUG0/Aez0JQZQz94kiWtRQvZIQbTiehsnwHvLSWJnQdhVeqYue7Id1dKr0qw==}
    engines: {node: '>=10'}
    dev: false

  /fast-deep-equal@3.1.3:
    resolution: {integrity: sha512-f3qQ9oQy9j2AhBe/H9VC91wLmKBCCU/gDOnKNAYG5hswO7BLKj09Hc5HYNz9cGI++xlpDCIgDaitVs03ATR84Q==}
    dev: false

  /fast-json-stringify@5.8.0:
    resolution: {integrity: sha512-VVwK8CFMSALIvt14U8AvrSzQAwN/0vaVRiFFUVlpnXSnDGrSkOAO5MtzyN8oQNjLd5AqTW5OZRgyjoNuAuR3jQ==}
    dependencies:
      '@fastify/deepmerge': 1.3.0
      ajv: 8.12.0
      ajv-formats: 2.1.1(ajv@8.12.0)
      fast-deep-equal: 3.1.3
      fast-uri: 2.2.0
      rfdc: 1.3.0
    dev: false

  /fast-printf@1.6.9:
    resolution: {integrity: sha512-FChq8hbz65WMj4rstcQsFB0O7Cy++nmbNfLYnD9cYv2cRn8EG6k/MGn9kO/tjO66t09DLDugj3yL+V2o6Qftrg==}
    engines: {node: '>=10.0'}
    dependencies:
      boolean: 3.2.0
    dev: false

  /fast-uri@2.2.0:
    resolution: {integrity: sha512-cIusKBIt/R/oI6z/1nyfe2FvGKVTohVRfvkOhvx0nCEW+xf5NoCXjAHcWp93uOUBchzYcsvPlrapAdX1uW+YGg==}
    dev: false

  /function-bind@1.1.1:
    resolution: {integrity: sha512-yIovAzMX49sF8Yl58fSCWJ5svSLuaibPxXQJFLmBObTuCr0Mf1KiPopGM9NiFjiYBCbfaa2Fh6breQ6ANVTI0A==}
    dev: false

  /get-intrinsic@1.2.1:
    resolution: {integrity: sha512-2DcsyfABl+gVHEfCOaTrWgyt+tb6MSEGmKq+kI5HwLbIYgjgmMcV8KQ41uaKz1xxUcn9tJtgFbQUEVcEbd0FYw==}
    dependencies:
      function-bind: 1.1.1
      has: 1.0.4
      has-proto: 1.0.1
      has-symbols: 1.0.3
    dev: false

  /globalthis@1.0.3:
    resolution: {integrity: sha512-sFdI5LyBiNTHjRd7cGPWapiHWMOXKyuBNX/cWJ3NfzrZQVa8GI/8cofCl74AOVqq9W5kNmguTIzJ/1s2gyI9wA==}
    engines: {node: '>= 0.4'}
    dependencies:
      define-properties: 1.2.1
    dev: false

  /globalyzer@0.1.0:
    resolution: {integrity: sha512-40oNTM9UfG6aBmuKxk/giHn5nQ8RVz/SS4Ir6zgzOv9/qC3kKZ9v4etGTcJbEl/NyVQH7FGU7d+X1egr57Md2Q==}
    dev: true

  /globrex@0.1.2:
    resolution: {integrity: sha512-uHJgbwAMwNFf5mLst7IWLNg14x1CkeqglJb/K3doi4dw6q2IvAAmM/Y81kevy83wP+Sst+nutFTYOGg3d1lsxg==}
    dev: true

  /gopd@1.0.1:
    resolution: {integrity: sha512-d65bNlIadxvpb/A2abVdlqKqV563juRnZ1Wtk6s1sIR8uNsXR70xqIzVqxVf1eTqDunwT2MkczEeaezCKTZhwA==}
    dependencies:
      get-intrinsic: 1.2.1
    dev: false

  /has-property-descriptors@1.0.0:
    resolution: {integrity: sha512-62DVLZGoiEBDHQyqG4w9xCuZ7eJEwNmJRWw2VY84Oedb7WFcA27fiEVe8oUQx9hAUJ4ekurquucTGwsyO1XGdQ==}
    dependencies:
      get-intrinsic: 1.2.1
    dev: false

  /has-proto@1.0.1:
    resolution: {integrity: sha512-7qE+iP+O+bgF9clE5+UoBFzE65mlBiVj3tKCrlNQ0Ogwm0BjpT/gK4SlLYDMybDh5I3TCTKnPPa0oMG7JDYrhg==}
    engines: {node: '>= 0.4'}
    dev: false

  /has-symbols@1.0.3:
    resolution: {integrity: sha512-l3LCuF6MgDNwTDKkdYGEihYjt5pRPbEg46rtlmnSPlUbgmB8LOIrKJbYYFBSbnPaJexMKtiPO8hmeRjRz2Td+A==}
    engines: {node: '>= 0.4'}
    dev: false

  /has@1.0.4:
    resolution: {integrity: sha512-qdSAmqLF6209RFj4VVItywPMbm3vWylknmB3nvNiUIs72xAimcM8nVYxYr7ncvZq5qzk9MKIZR8ijqD/1QuYjQ==}
    engines: {node: '>= 0.4.0'}
    dev: false

  /hono@3.7.5:
    resolution: {integrity: sha512-ZaaqAul84HHLXZKwwfH+eMInidwvRj9IdyOoI5Ze0v+WUOAAtQruml3QaUUWkOuI2Myt6IZAiUqkYklLK77k4g==}
    engines: {node: '>=16.0.0'}
    dev: false

  /http-terminator@3.2.0:
    resolution: {integrity: sha512-JLjck1EzPaWjsmIf8bziM3p9fgR1Y3JoUKAkyYEbZmFrIvJM6I8vVJfBGWlEtV9IWOvzNnaTtjuwZeBY2kwB4g==}
    engines: {node: '>=14'}
    dependencies:
      delay: 5.0.0
      p-wait-for: 3.2.0
      roarr: 7.15.1
      type-fest: 2.19.0
    dev: false

  /isexe@2.0.0:
    resolution: {integrity: sha512-RHxMLp9lnKHGHRng9QFhRCMbYAcVpn69smSGcq3f36xjgVVWThj4qqLbTLlq7Ssj8B+fIQ1EuCEGI2lKsyQeIw==}
    dev: true

  /json-schema-traverse@1.0.0:
    resolution: {integrity: sha512-NM8/P9n3XjXhIZn1lLhkFaACTOURQXjWhV4BA/RnOv8xvgqtqpAX9IO4mRQxSx1Rlo4tqzeqb0sOlruaOy3dug==}
    dev: false

  /kleur@4.1.5:
    resolution: {integrity: sha512-o+NO+8WrRiQEE4/7nwRJhN1HWpVmJm511pBHUxPLtp0BUISzlBplORYSmTclCnJvQq2tKu/sgl3xVpkc7ZWuQQ==}
    engines: {node: '>=6'}
    dev: true

  /lodash@4.17.21:
    resolution: {integrity: sha512-v2kDEe57lecTulaDIuNTPy3Ry4gLGJ6Z1O3vE1krgXZNrsQ+LFTGHVxVjcXPs17LhbZVGedAJv8XZ1tvj5FvSg==}
    dev: true

  /ms@2.1.2:
    resolution: {integrity: sha512-sGkPx+VjMtmA6MX27oA4FBFELFCZZ4S4XqeGOXCv68tT+jb3vk/RyaKWP0PTKyWtmLSM0b+adUTEvbs1PEaH2w==}
    dev: true

  /object-keys@1.1.1:
    resolution: {integrity: sha512-NuAESUOUMrlIXOfHKzD6bpPu3tYt3xvjNdRIQ+FeT0lNb4K8WR70CaDxhuNguS2XG+GjkyMwOzsN5ZktImfhLA==}
    engines: {node: '>= 0.4'}
    dev: false

  /p-finally@1.0.0:
    resolution: {integrity: sha512-LICb2p9CB7FS+0eR1oqWnHhp0FljGLZCWBE9aix0Uye9W8LTQPwMTYVGWQWIw9RdQiDg4+epXQODwIYJtSJaow==}
    engines: {node: '>=4'}
    dev: false

  /p-timeout@3.2.0:
    resolution: {integrity: sha512-rhIwUycgwwKcP9yTOOFK/AKsAopjjCakVqLHePO3CC6Mir1Z99xT+R63jZxAT5lFZLa2inS5h+ZS2GvR99/FBg==}
    engines: {node: '>=8'}
    dependencies:
      p-finally: 1.0.0
    dev: false

  /p-wait-for@3.2.0:
    resolution: {integrity: sha512-wpgERjNkLrBiFmkMEjuZJEWKKDrNfHCKA1OhyN1wg1FrLkULbviEy6py1AyJUgZ72YWFbZ38FIpnqvVqAlDUwA==}
    engines: {node: '>=8'}
    dependencies:
      p-timeout: 3.2.0
    dev: false

  /path-key@3.1.1:
    resolution: {integrity: sha512-ojmeN0qd+y0jszEtoY48r0Peq5dwMEkIlCOu6Q5f41lfkswXuKtYrhgoTpLnyIcHm24Uhqx+5Tqm2InSwLhE6Q==}
    engines: {node: '>=8'}
    dev: true

  /pirates@4.0.6:
    resolution: {integrity: sha512-saLsH7WeYYPiD25LDuLRRY/i+6HaPYr6G1OUlN39otzkSTxKnubR9RTxS3/Kk50s1g2JTgFwWQDQyplC5/SHZg==}
    engines: {node: '>= 6'}
    dev: true

  /prisma@5.4.1:
    resolution: {integrity: sha512-op9PmU8Bcw5dNAas82wBYTG0yHnpq9/O3bhxbDBrNzwZTwBqsVCxxYRLf6wHNh9HVaDGhgjjHlu1+BcW8qdnBg==}
    engines: {node: '>=16.13'}
    hasBin: true
    requiresBuild: true
    dependencies:
      '@prisma/engines': 5.4.1

  /punycode@2.3.0:
    resolution: {integrity: sha512-rRV+zQD8tVFys26lAGR9WUuS4iUAngJScM+ZRSKtvl5tKeZ2t5bvdNFdNHBW9FWR4guGHlgmsZ1G7BSm2wTbuA==}
    engines: {node: '>=6'}
    dev: false

  /require-from-string@2.0.2:
    resolution: {integrity: sha512-Xf0nWe6RseziFMu+Ap9biiUbmplq6S9/p+7w7YXP/JBHhrUDDUhwa+vANyubuqfZWTveU//DYVGsDG7RKL/vEw==}
    engines: {node: '>=0.10.0'}
    dev: false

  /rfdc@1.3.0:
    resolution: {integrity: sha512-V2hovdzFbOi77/WajaSMXk2OLm+xNIeQdMMuB7icj7bk6zi2F8GGAxigcnDFpJHbNyNcgyJDiP+8nOrY5cZGrA==}
    dev: false

  /roarr@7.15.1:
    resolution: {integrity: sha512-0ExL9rjOXeQPvQvQo8IcV8SR2GTXmDr1FQFlY2HiAV+gdVQjaVZNOx9d4FI2RqFFsd0sNsiw2TRS/8RU9g0ZfA==}
    engines: {node: '>=12.0'}
    dependencies:
      boolean: 3.2.0
      fast-json-stringify: 5.8.0
      fast-printf: 1.6.9
      globalthis: 1.0.3
      safe-stable-stringify: 2.4.3
      semver-compare: 1.0.0
    dev: false

  /safe-stable-stringify@2.4.3:
    resolution: {integrity: sha512-e2bDA2WJT0wxseVd4lsDP4+3ONX6HpMXQa1ZhFQ7SU+GjvORCmShbCMltrtIDfkYhVHrOcPtj+KhmDBdPdZD1g==}
    engines: {node: '>=10'}
    dev: false

  /semver-compare@1.0.0:
    resolution: {integrity: sha512-YM3/ITh2MJ5MtzaM429anh+x2jiLVjqILF4m4oyQB18W7Ggea7BfqdH/wGMK7dDiMghv/6WG7znWMwUDzJiXow==}
    dev: false

  /shebang-command@2.0.0:
    resolution: {integrity: sha512-kHxr2zZpYtdmrN1qDjrrX/Z1rR1kG8Dx+gkpK1G4eXmvXswmcE1hTWBWYUzlraYw1/yZp6YuDY77YtvbN0dmDA==}
    engines: {node: '>=8'}
    dependencies:
      shebang-regex: 3.0.0
    dev: true

  /shebang-regex@3.0.0:
    resolution: {integrity: sha512-7++dFhtcx3353uBaq8DDR4NuxBetBzC7ZQOhmTQInHEd6bSrXdiEyzCvG07Z44UYdLShWUyXt5M/yhz8ekcb1A==}
    engines: {node: '>=8'}
    dev: true

  /source-map-support@0.5.21:
    resolution: {integrity: sha512-uBHU3L3czsIyYXKX88fdrGovxdSCoTGDRZ6SYXtSRxLZUzHg5P/66Ht6uoUlHu9EZod+inXhKo3qQgwXUT/y1w==}
    dependencies:
      buffer-from: 1.1.2
      source-map: 0.6.1
    dev: true

  /source-map@0.6.1:
    resolution: {integrity: sha512-UjgapumWlbMhkBgzT7Ykc5YXUT46F0iKu8SGXq0bcwP5dz/h0Plj6enJqjz1Zbq2l5WaqYnrVbwWOWMyF3F47g==}
    engines: {node: '>=0.10.0'}
    dev: true

  /strip-ansi@6.0.1:
    resolution: {integrity: sha512-Y38VPSHcqkFrCpFnQ9vuSXmquuv5oXOKpGeT6aGrr3o3Gc9AlVa6JBfUSOCnbxGGZF+/0ooI7KrPuUSztUdU5A==}
    engines: {node: '>=8'}
    dependencies:
      ansi-regex: 5.0.1
    dev: true

  /tiny-glob@0.2.9:
    resolution: {integrity: sha512-g/55ssRPUjShh+xkfx9UPDXqhckHEsHr4Vd9zX55oSdGZc/MD0m3sferOkwWtp98bv+kcVfEHtRJgBVJzelrzg==}
    dependencies:
      globalyzer: 0.1.0
      globrex: 0.1.2
    dev: true

  /tslib@2.6.2:
    resolution: {integrity: sha512-AEYxH93jGFPn/a2iVAwW87VuUIkR1FVUKB77NwMF7nBTDkDrrT/Hpt/IrCJ0QXhW27jTBDcf5ZY7w6RiqTMw2Q==}
    dev: true

  /type-fest@2.19.0:
    resolution: {integrity: sha512-RAH822pAdBgcNMAfWnCBU3CFZcfZ/i1eZjwFU/dsLKumyuuP3niueg2UAukXYF0E2AAoc82ZSSf9J0WQBinzHA==}
    engines: {node: '>=12.20'}
    dev: false

  /type-fest@4.4.0:
    resolution: {integrity: sha512-HT3RRs7sTfY22KuPQJkD/XjbTbxgP2Je5HPt6H6JEGvcjHd5Lqru75EbrP3tb4FYjNJ+DjLp+MNQTFQU0mhXNw==}
    engines: {node: '>=16'}
    dev: true

  /typescript@5.2.2:
    resolution: {integrity: sha512-mI4WrpHsbCIcwT9cF4FZvr80QUeKvsUsUvKDoR+X/7XHQH98xYD8YHZg7ANtz2GtZt/CBq2QJ0thkGJMHfqc1w==}
    engines: {node: '>=14.17'}
    hasBin: true
    dev: true

  /uri-js@4.4.1:
    resolution: {integrity: sha512-7rKUyy33Q1yc98pQ1DAmLtwX109F7TIfWlW1Ydo8Wl1ii1SeHieeh0HHfPeL2fMXK6z0s8ecKs9frCuLJvndBg==}
    dependencies:
      punycode: 2.3.0
    dev: false

  /which@2.0.2:
    resolution: {integrity: sha512-BLI3Tl1TW3Pvl70l3yq3Y64i+awpwXqsGBYWkkqMtnbXgrMD+yj7rhW0kuEDxzJaYXGjEW5ogapKNMEKNMjibA==}
    engines: {node: '>= 8'}
    hasBin: true
    dependencies:
      isexe: 2.0.0
    dev: true

  /zod-prisma-types@2.7.9:
    resolution: {integrity: sha512-JgPN32d/Wm6/E61oHXek2jDT6VxBpKVPmLom7585SmdCyj+xb+OAg8O3G0BLU+gWNiC+Eyt3blo1S/8W9sIaxA==}
    hasBin: true
    dependencies:
      '@prisma/generator-helper': 5.4.1
      code-block-writer: 12.0.0
      lodash: 4.17.21
      zod: 3.22.4
    transitivePeerDependencies:
      - supports-color
    dev: true

  /zod@3.22.4:
    resolution: {integrity: sha512-iC+8Io04lddc+mVqQ9AZ7OQ2MrUKGN+oIQyq1vemgt46jwCwLfhq7/pwnBnNXXXZb8VTVLKwp9EDkx+ryxIWmg==}
